// !$*UTF8*$!
{
	archiveVersion = 1;
	classes = {
	};
	objectVersion = 46;
	objects = {

/* Begin PBXBuildFile section */
		1302777219732A9C00BF6A19 /* NewYork.jpg in Resources */ = {isa = PBXBuildFile; fileRef = 1302777119732A9C00BF6A19 /* NewYork.jpg */; };
		1322B6B7197C69C9005D2419 /* NextPumpMapViewController.m in Sources */ = {isa = PBXBuildFile; fileRef = 1322B6B5197C69C9005D2419 /* NextPumpMapViewController.m */; };
		1322B6B8197C69C9005D2419 /* NextPumpMapViewController.xib in Resources */ = {isa = PBXBuildFile; fileRef = 1322B6B6197C69C9005D2419 /* NextPumpMapViewController.xib */; };
		132F5CBF196F60830063A428 /* SensorData.m in Sources */ = {isa = PBXBuildFile; fileRef = 132F5CBE196F60830063A428 /* SensorData.m */; };
		132F5CC4196F66C90063A428 /* ListReportsViewController.m in Sources */ = {isa = PBXBuildFile; fileRef = 132F5CC2196F66C90063A428 /* ListReportsViewController.m */; };
		132F5CC5196F66C90063A428 /* ListReportsViewController.xib in Resources */ = {isa = PBXBuildFile; fileRef = 132F5CC3196F66C90063A428 /* ListReportsViewController.xib */; };
		1337FAB4196DAEB300BC9B65 /* Foundation.framework in Frameworks */ = {isa = PBXBuildFile; fileRef = 1337FAB3196DAEB300BC9B65 /* Foundation.framework */; };
		1337FAB6196DAEB300BC9B65 /* CoreGraphics.framework in Frameworks */ = {isa = PBXBuildFile; fileRef = 1337FAB5196DAEB300BC9B65 /* CoreGraphics.framework */; };
		1337FAB8196DAEB300BC9B65 /* UIKit.framework in Frameworks */ = {isa = PBXBuildFile; fileRef = 1337FAB7196DAEB300BC9B65 /* UIKit.framework */; };
		1337FABE196DAEB300BC9B65 /* InfoPlist.strings in Resources */ = {isa = PBXBuildFile; fileRef = 1337FABC196DAEB300BC9B65 /* InfoPlist.strings */; };
		1337FAC0196DAEB300BC9B65 /* main.m in Sources */ = {isa = PBXBuildFile; fileRef = 1337FABF196DAEB300BC9B65 /* main.m */; };
		1337FAC4196DAEB300BC9B65 /* AppDelegate.m in Sources */ = {isa = PBXBuildFile; fileRef = 1337FAC3196DAEB300BC9B65 /* AppDelegate.m */; };
		1337FAC6196DAEB300BC9B65 /* Images.xcassets in Resources */ = {isa = PBXBuildFile; fileRef = 1337FAC5196DAEB300BC9B65 /* Images.xcassets */; };
		1337FACD196DAEB300BC9B65 /* XCTest.framework in Frameworks */ = {isa = PBXBuildFile; fileRef = 1337FACC196DAEB300BC9B65 /* XCTest.framework */; };
		1337FACE196DAEB300BC9B65 /* Foundation.framework in Frameworks */ = {isa = PBXBuildFile; fileRef = 1337FAB3196DAEB300BC9B65 /* Foundation.framework */; };
		1337FACF196DAEB300BC9B65 /* UIKit.framework in Frameworks */ = {isa = PBXBuildFile; fileRef = 1337FAB7196DAEB300BC9B65 /* UIKit.framework */; };
		1337FAD7196DAEB300BC9B65 /* InfoPlist.strings in Resources */ = {isa = PBXBuildFile; fileRef = 1337FAD5196DAEB300BC9B65 /* InfoPlist.strings */; };
		1337FAD9196DAEB300BC9B65 /* WellDoneiOSTests.m in Sources */ = {isa = PBXBuildFile; fileRef = 1337FAD8196DAEB300BC9B65 /* WellDoneiOSTests.m */; };
		133B1EC91973610700D43A30 /* cvCell.xib in Resources */ = {isa = PBXBuildFile; fileRef = 133B1EC61973610700D43A30 /* cvCell.xib */; };
		133B1ECA1973610700D43A30 /* ImageCollectionViewCell.m in Sources */ = {isa = PBXBuildFile; fileRef = 133B1EC81973610700D43A30 /* ImageCollectionViewCell.m */; };
		135AB2101975BAF9001EBED1 /* StatsViewController.m in Sources */ = {isa = PBXBuildFile; fileRef = 135AB20E1975BAF9001EBED1 /* StatsViewController.m */; };
		135AB2111975BAF9001EBED1 /* StatsViewController.xib in Resources */ = {isa = PBXBuildFile; fileRef = 135AB20F1975BAF9001EBED1 /* StatsViewController.xib */; };
		13C9712A197852DB0099CE32 /* ReportHeaderView.m in Sources */ = {isa = PBXBuildFile; fileRef = 13C97129197852DB0099CE32 /* ReportHeaderView.m */; };
		13C9712C197852FF0099CE32 /* ReportHeaderView.xib in Resources */ = {isa = PBXBuildFile; fileRef = 13C9712B197852FF0099CE32 /* ReportHeaderView.xib */; };
		13C97133197AD45F0099CE32 /* UIView+Animations.m in Sources */ = {isa = PBXBuildFile; fileRef = 13C97132197AD45F0099CE32 /* UIView+Animations.m */; };
		13C97137197AE28F0099CE32 /* TextMessageViewController.m in Sources */ = {isa = PBXBuildFile; fileRef = 13C97135197AE28F0099CE32 /* TextMessageViewController.m */; };
		13C97138197AE28F0099CE32 /* TextMessageViewController.xib in Resources */ = {isa = PBXBuildFile; fileRef = 13C97136197AE28F0099CE32 /* TextMessageViewController.xib */; };
		13D28CFB196F303400E8A5C7 /* CreateReportViewController.m in Sources */ = {isa = PBXBuildFile; fileRef = 13D28CF6196F303400E8A5C7 /* CreateReportViewController.m */; };
		13D28CFC196F303400E8A5C7 /* CreateReportViewController.xib in Resources */ = {isa = PBXBuildFile; fileRef = 13D28CF7196F303400E8A5C7 /* CreateReportViewController.xib */; };
		13D28CFD196F303400E8A5C7 /* ReportViewController.m in Sources */ = {isa = PBXBuildFile; fileRef = 13D28CF9196F303400E8A5C7 /* ReportViewController.m */; };
		13D28CFE196F303400E8A5C7 /* ReportViewController.xib in Resources */ = {isa = PBXBuildFile; fileRef = 13D28CFA196F303400E8A5C7 /* ReportViewController.xib */; };
		13D28D02196F339A00E8A5C7 /* UILabel+BorderedLabel.m in Sources */ = {isa = PBXBuildFile; fileRef = 13D28D01196F339A00E8A5C7 /* UILabel+BorderedLabel.m */; };
		13D28D05196F480A00E8A5C7 /* Report.m in Sources */ = {isa = PBXBuildFile; fileRef = 13D28D04196F480A00E8A5C7 /* Report.m */; };
		20D59F76762B4D009110A722 /* libPods.a in Frameworks */ = {isa = PBXBuildFile; fileRef = 208851D49B43414A91E3329F /* libPods.a */; };
		A2DE705B197C53EC00102D24 /* LoginViewController.m in Sources */ = {isa = PBXBuildFile; fileRef = A2DE7059197C53EB00102D24 /* LoginViewController.m */; };
		A2DE705C197C53EC00102D24 /* LoginViewController.xib in Resources */ = {isa = PBXBuildFile; fileRef = A2DE705A197C53EB00102D24 /* LoginViewController.xib */; };
		B95170EF196DB46900DAACA3 /* PumpsListViewController.m in Sources */ = {isa = PBXBuildFile; fileRef = B95170ED196DB46900DAACA3 /* PumpsListViewController.m */; };
		B95170F0196DB46900DAACA3 /* PumpsListViewController.xib in Resources */ = {isa = PBXBuildFile; fileRef = B95170EE196DB46900DAACA3 /* PumpsListViewController.xib */; };
		B95170FC196DB47800DAACA3 /* PumpTableViewCell.m in Sources */ = {isa = PBXBuildFile; fileRef = B95170F2196DB47800DAACA3 /* PumpTableViewCell.m */; };
		B95170FD196DB47800DAACA3 /* pump.jpeg in Resources */ = {isa = PBXBuildFile; fileRef = B95170F3196DB47800DAACA3 /* pump.jpeg */; };
		B95170FE196DB47800DAACA3 /* PumpTableViewCell.xib in Resources */ = {isa = PBXBuildFile; fileRef = B95170F4196DB47800DAACA3 /* PumpTableViewCell.xib */; };
		B95170FF196DB47800DAACA3 /* PumpsMapViewController.m in Sources */ = {isa = PBXBuildFile; fileRef = B95170F6196DB47800DAACA3 /* PumpsMapViewController.m */; };
		B9517100196DB47800DAACA3 /* PumpsMapViewController.xib in Resources */ = {isa = PBXBuildFile; fileRef = B95170F7196DB47800DAACA3 /* PumpsMapViewController.xib */; };
		B9517101196DB47800DAACA3 /* Pump.m in Sources */ = {isa = PBXBuildFile; fileRef = B95170F9196DB47800DAACA3 /* Pump.m */; };
		B9517102196DB47800DAACA3 /* PumpLocation.m in Sources */ = {isa = PBXBuildFile; fileRef = B95170FB196DB47800DAACA3 /* PumpLocation.m */; };
		B9C534671976FD9C008596A1 /* 177-building.png in Resources */ = {isa = PBXBuildFile; fileRef = B9C534661976FD9C008596A1 /* 177-building.png */; };
		B9C81FAA19720F60002C19E5 /* PumpDetailViewController.m in Sources */ = {isa = PBXBuildFile; fileRef = B9C81FA819720F60002C19E5 /* PumpDetailViewController.m */; };
		B9C81FAB19720F60002C19E5 /* PumpDetailViewController.xib in Resources */ = {isa = PBXBuildFile; fileRef = B9C81FA919720F60002C19E5 /* PumpDetailViewController.xib */; };
		B9C81FAF19720F85002C19E5 /* PumpMapViewController.m in Sources */ = {isa = PBXBuildFile; fileRef = B9C81FAD19720F85002C19E5 /* PumpMapViewController.m */; };
		B9C81FB019720F85002C19E5 /* PumpMapViewController.xib in Resources */ = {isa = PBXBuildFile; fileRef = B9C81FAE19720F85002C19E5 /* PumpMapViewController.xib */; };
		B9C81FB21972523A002C19E5 /* 07-map-marker.png in Resources */ = {isa = PBXBuildFile; fileRef = B9C81FB11972523A002C19E5 /* 07-map-marker.png */; };
/* End PBXBuildFile section */

/* Begin PBXContainerItemProxy section */
		1337FAD0196DAEB300BC9B65 /* PBXContainerItemProxy */ = {
			isa = PBXContainerItemProxy;
			containerPortal = 1337FAA8196DAEB300BC9B65 /* Project object */;
			proxyType = 1;
			remoteGlobalIDString = 1337FAAF196DAEB300BC9B65;
			remoteInfo = WellDoneiOS;
		};
/* End PBXContainerItemProxy section */

/* Begin PBXFileReference section */
		1302777119732A9C00BF6A19 /* NewYork.jpg */ = {isa = PBXFileReference; lastKnownFileType = image.jpeg; path = NewYork.jpg; sourceTree = "<group>"; };
		1322B6B4197C69C9005D2419 /* NextPumpMapViewController.h */ = {isa = PBXFileReference; fileEncoding = 4; lastKnownFileType = sourcecode.c.h; path = NextPumpMapViewController.h; sourceTree = "<group>"; };
		1322B6B5197C69C9005D2419 /* NextPumpMapViewController.m */ = {isa = PBXFileReference; fileEncoding = 4; lastKnownFileType = sourcecode.c.objc; path = NextPumpMapViewController.m; sourceTree = "<group>"; };
		1322B6B6197C69C9005D2419 /* NextPumpMapViewController.xib */ = {isa = PBXFileReference; fileEncoding = 4; lastKnownFileType = file.xib; path = NextPumpMapViewController.xib; sourceTree = "<group>"; };
		132F5CBD196F60830063A428 /* SensorData.h */ = {isa = PBXFileReference; fileEncoding = 4; lastKnownFileType = sourcecode.c.h; path = SensorData.h; sourceTree = "<group>"; };
		132F5CBE196F60830063A428 /* SensorData.m */ = {isa = PBXFileReference; fileEncoding = 4; lastKnownFileType = sourcecode.c.objc; path = SensorData.m; sourceTree = "<group>"; };
		132F5CC1196F66C90063A428 /* ListReportsViewController.h */ = {isa = PBXFileReference; fileEncoding = 4; lastKnownFileType = sourcecode.c.h; path = ListReportsViewController.h; sourceTree = "<group>"; };
		132F5CC2196F66C90063A428 /* ListReportsViewController.m */ = {isa = PBXFileReference; fileEncoding = 4; lastKnownFileType = sourcecode.c.objc; path = ListReportsViewController.m; sourceTree = "<group>"; };
		132F5CC3196F66C90063A428 /* ListReportsViewController.xib */ = {isa = PBXFileReference; fileEncoding = 4; lastKnownFileType = file.xib; path = ListReportsViewController.xib; sourceTree = "<group>"; };
		1337FAB0196DAEB300BC9B65 /* WellDoneiOS.app */ = {isa = PBXFileReference; explicitFileType = wrapper.application; includeInIndex = 0; path = WellDoneiOS.app; sourceTree = BUILT_PRODUCTS_DIR; };
		1337FAB3196DAEB300BC9B65 /* Foundation.framework */ = {isa = PBXFileReference; lastKnownFileType = wrapper.framework; name = Foundation.framework; path = System/Library/Frameworks/Foundation.framework; sourceTree = SDKROOT; };
		1337FAB5196DAEB300BC9B65 /* CoreGraphics.framework */ = {isa = PBXFileReference; lastKnownFileType = wrapper.framework; name = CoreGraphics.framework; path = System/Library/Frameworks/CoreGraphics.framework; sourceTree = SDKROOT; };
		1337FAB7196DAEB300BC9B65 /* UIKit.framework */ = {isa = PBXFileReference; lastKnownFileType = wrapper.framework; name = UIKit.framework; path = System/Library/Frameworks/UIKit.framework; sourceTree = SDKROOT; };
		1337FABB196DAEB300BC9B65 /* WellDoneiOS-Info.plist */ = {isa = PBXFileReference; lastKnownFileType = text.plist.xml; path = "WellDoneiOS-Info.plist"; sourceTree = "<group>"; };
		1337FABD196DAEB300BC9B65 /* en */ = {isa = PBXFileReference; lastKnownFileType = text.plist.strings; name = en; path = en.lproj/InfoPlist.strings; sourceTree = "<group>"; };
		1337FABF196DAEB300BC9B65 /* main.m */ = {isa = PBXFileReference; lastKnownFileType = sourcecode.c.objc; path = main.m; sourceTree = "<group>"; };
		1337FAC1196DAEB300BC9B65 /* WellDoneiOS-Prefix.pch */ = {isa = PBXFileReference; lastKnownFileType = sourcecode.c.h; path = "WellDoneiOS-Prefix.pch"; sourceTree = "<group>"; };
		1337FAC2196DAEB300BC9B65 /* AppDelegate.h */ = {isa = PBXFileReference; lastKnownFileType = sourcecode.c.h; path = AppDelegate.h; sourceTree = "<group>"; };
		1337FAC3196DAEB300BC9B65 /* AppDelegate.m */ = {isa = PBXFileReference; lastKnownFileType = sourcecode.c.objc; path = AppDelegate.m; sourceTree = "<group>"; };
		1337FAC5196DAEB300BC9B65 /* Images.xcassets */ = {isa = PBXFileReference; lastKnownFileType = folder.assetcatalog; path = Images.xcassets; sourceTree = "<group>"; };
		1337FACB196DAEB300BC9B65 /* WellDoneiOSTests.xctest */ = {isa = PBXFileReference; explicitFileType = wrapper.cfbundle; includeInIndex = 0; path = WellDoneiOSTests.xctest; sourceTree = BUILT_PRODUCTS_DIR; };
		1337FACC196DAEB300BC9B65 /* XCTest.framework */ = {isa = PBXFileReference; lastKnownFileType = wrapper.framework; name = XCTest.framework; path = Library/Frameworks/XCTest.framework; sourceTree = DEVELOPER_DIR; };
		1337FAD4196DAEB300BC9B65 /* WellDoneiOSTests-Info.plist */ = {isa = PBXFileReference; lastKnownFileType = text.plist.xml; path = "WellDoneiOSTests-Info.plist"; sourceTree = "<group>"; };
		1337FAD6196DAEB300BC9B65 /* en */ = {isa = PBXFileReference; lastKnownFileType = text.plist.strings; name = en; path = en.lproj/InfoPlist.strings; sourceTree = "<group>"; };
		1337FAD8196DAEB300BC9B65 /* WellDoneiOSTests.m */ = {isa = PBXFileReference; lastKnownFileType = sourcecode.c.objc; path = WellDoneiOSTests.m; sourceTree = "<group>"; };
		133B1EC61973610700D43A30 /* cvCell.xib */ = {isa = PBXFileReference; fileEncoding = 4; lastKnownFileType = file.xib; path = cvCell.xib; sourceTree = "<group>"; };
		133B1EC71973610700D43A30 /* ImageCollectionViewCell.h */ = {isa = PBXFileReference; fileEncoding = 4; lastKnownFileType = sourcecode.c.h; path = ImageCollectionViewCell.h; sourceTree = "<group>"; };
		133B1EC81973610700D43A30 /* ImageCollectionViewCell.m */ = {isa = PBXFileReference; fileEncoding = 4; lastKnownFileType = sourcecode.c.objc; path = ImageCollectionViewCell.m; sourceTree = "<group>"; };
		135AB20D1975BAF9001EBED1 /* StatsViewController.h */ = {isa = PBXFileReference; fileEncoding = 4; lastKnownFileType = sourcecode.c.h; path = StatsViewController.h; sourceTree = "<group>"; };
		135AB20E1975BAF9001EBED1 /* StatsViewController.m */ = {isa = PBXFileReference; fileEncoding = 4; lastKnownFileType = sourcecode.c.objc; path = StatsViewController.m; sourceTree = "<group>"; };
		135AB20F1975BAF9001EBED1 /* StatsViewController.xib */ = {isa = PBXFileReference; fileEncoding = 4; lastKnownFileType = file.xib; path = StatsViewController.xib; sourceTree = "<group>"; };
		13C97128197852DB0099CE32 /* ReportHeaderView.h */ = {isa = PBXFileReference; fileEncoding = 4; lastKnownFileType = sourcecode.c.h; path = ReportHeaderView.h; sourceTree = "<group>"; };
		13C97129197852DB0099CE32 /* ReportHeaderView.m */ = {isa = PBXFileReference; fileEncoding = 4; lastKnownFileType = sourcecode.c.objc; path = ReportHeaderView.m; sourceTree = "<group>"; };
		13C9712B197852FF0099CE32 /* ReportHeaderView.xib */ = {isa = PBXFileReference; fileEncoding = 4; lastKnownFileType = file.xib; path = ReportHeaderView.xib; sourceTree = "<group>"; };
		13C9712D197869350099CE32 /* ReportDelegate.h */ = {isa = PBXFileReference; lastKnownFileType = sourcecode.c.h; path = ReportDelegate.h; sourceTree = "<group>"; };
		13C97131197AD45F0099CE32 /* UIView+Animations.h */ = {isa = PBXFileReference; fileEncoding = 4; lastKnownFileType = sourcecode.c.h; path = "UIView+Animations.h"; sourceTree = "<group>"; };
		13C97132197AD45F0099CE32 /* UIView+Animations.m */ = {isa = PBXFileReference; fileEncoding = 4; lastKnownFileType = sourcecode.c.objc; path = "UIView+Animations.m"; sourceTree = "<group>"; };
		13C97134197AE28F0099CE32 /* TextMessageViewController.h */ = {isa = PBXFileReference; fileEncoding = 4; lastKnownFileType = sourcecode.c.h; path = TextMessageViewController.h; sourceTree = "<group>"; };
		13C97135197AE28F0099CE32 /* TextMessageViewController.m */ = {isa = PBXFileReference; fileEncoding = 4; lastKnownFileType = sourcecode.c.objc; path = TextMessageViewController.m; sourceTree = "<group>"; };
		13C97136197AE28F0099CE32 /* TextMessageViewController.xib */ = {isa = PBXFileReference; fileEncoding = 4; lastKnownFileType = file.xib; path = TextMessageViewController.xib; sourceTree = "<group>"; };
		13D28CF5196F303400E8A5C7 /* CreateReportViewController.h */ = {isa = PBXFileReference; fileEncoding = 4; lastKnownFileType = sourcecode.c.h; path = CreateReportViewController.h; sourceTree = "<group>"; };
		13D28CF6196F303400E8A5C7 /* CreateReportViewController.m */ = {isa = PBXFileReference; fileEncoding = 4; lastKnownFileType = sourcecode.c.objc; path = CreateReportViewController.m; sourceTree = "<group>"; };
		13D28CF7196F303400E8A5C7 /* CreateReportViewController.xib */ = {isa = PBXFileReference; fileEncoding = 4; lastKnownFileType = file.xib; path = CreateReportViewController.xib; sourceTree = "<group>"; };
		13D28CF8196F303400E8A5C7 /* ReportViewController.h */ = {isa = PBXFileReference; fileEncoding = 4; lastKnownFileType = sourcecode.c.h; path = ReportViewController.h; sourceTree = "<group>"; };
		13D28CF9196F303400E8A5C7 /* ReportViewController.m */ = {isa = PBXFileReference; fileEncoding = 4; lastKnownFileType = sourcecode.c.objc; path = ReportViewController.m; sourceTree = "<group>"; };
		13D28CFA196F303400E8A5C7 /* ReportViewController.xib */ = {isa = PBXFileReference; fileEncoding = 4; lastKnownFileType = file.xib; path = ReportViewController.xib; sourceTree = "<group>"; };
		13D28D00196F339A00E8A5C7 /* UILabel+BorderedLabel.h */ = {isa = PBXFileReference; fileEncoding = 4; lastKnownFileType = sourcecode.c.h; path = "UILabel+BorderedLabel.h"; sourceTree = "<group>"; };
		13D28D01196F339A00E8A5C7 /* UILabel+BorderedLabel.m */ = {isa = PBXFileReference; fileEncoding = 4; lastKnownFileType = sourcecode.c.objc; path = "UILabel+BorderedLabel.m"; sourceTree = "<group>"; };
		13D28D03196F480A00E8A5C7 /* Report.h */ = {isa = PBXFileReference; fileEncoding = 4; lastKnownFileType = sourcecode.c.h; path = Report.h; sourceTree = "<group>"; };
		13D28D04196F480A00E8A5C7 /* Report.m */ = {isa = PBXFileReference; fileEncoding = 4; lastKnownFileType = sourcecode.c.objc; path = Report.m; sourceTree = "<group>"; };
		13D28D06196F495D00E8A5C7 /* Parse.framework */ = {isa = PBXFileReference; lastKnownFileType = wrapper.framework; name = Parse.framework; path = Pods/Parse/Parse.framework; sourceTree = "<group>"; };
		208851D49B43414A91E3329F /* libPods.a */ = {isa = PBXFileReference; explicitFileType = archive.ar; includeInIndex = 0; path = libPods.a; sourceTree = BUILT_PRODUCTS_DIR; };
		37A92B7BE69E4D2EB78076B5 /* Pods.xcconfig */ = {isa = PBXFileReference; includeInIndex = 1; lastKnownFileType = text.xcconfig; name = Pods.xcconfig; path = Pods/Pods.xcconfig; sourceTree = "<group>"; };
		A2DE7058197C53EB00102D24 /* LoginViewController.h */ = {isa = PBXFileReference; fileEncoding = 4; lastKnownFileType = sourcecode.c.h; path = LoginViewController.h; sourceTree = "<group>"; };
		A2DE7059197C53EB00102D24 /* LoginViewController.m */ = {isa = PBXFileReference; fileEncoding = 4; lastKnownFileType = sourcecode.c.objc; path = LoginViewController.m; sourceTree = "<group>"; };
		A2DE705A197C53EB00102D24 /* LoginViewController.xib */ = {isa = PBXFileReference; fileEncoding = 4; lastKnownFileType = file.xib; path = LoginViewController.xib; sourceTree = "<group>"; };
		B95170EC196DB46900DAACA3 /* PumpsListViewController.h */ = {isa = PBXFileReference; fileEncoding = 4; lastKnownFileType = sourcecode.c.h; path = PumpsListViewController.h; sourceTree = "<group>"; };
		B95170ED196DB46900DAACA3 /* PumpsListViewController.m */ = {isa = PBXFileReference; fileEncoding = 4; lastKnownFileType = sourcecode.c.objc; path = PumpsListViewController.m; sourceTree = "<group>"; };
		B95170EE196DB46900DAACA3 /* PumpsListViewController.xib */ = {isa = PBXFileReference; fileEncoding = 4; lastKnownFileType = file.xib; path = PumpsListViewController.xib; sourceTree = "<group>"; };
		B95170F1196DB47800DAACA3 /* PumpTableViewCell.h */ = {isa = PBXFileReference; fileEncoding = 4; lastKnownFileType = sourcecode.c.h; path = PumpTableViewCell.h; sourceTree = "<group>"; };
		B95170F2196DB47800DAACA3 /* PumpTableViewCell.m */ = {isa = PBXFileReference; fileEncoding = 4; lastKnownFileType = sourcecode.c.objc; path = PumpTableViewCell.m; sourceTree = "<group>"; };
		B95170F3196DB47800DAACA3 /* pump.jpeg */ = {isa = PBXFileReference; lastKnownFileType = image.jpeg; path = pump.jpeg; sourceTree = "<group>"; };
		B95170F4196DB47800DAACA3 /* PumpTableViewCell.xib */ = {isa = PBXFileReference; fileEncoding = 4; lastKnownFileType = file.xib; path = PumpTableViewCell.xib; sourceTree = "<group>"; };
		B95170F5196DB47800DAACA3 /* PumpsMapViewController.h */ = {isa = PBXFileReference; fileEncoding = 4; lastKnownFileType = sourcecode.c.h; path = PumpsMapViewController.h; sourceTree = "<group>"; };
		B95170F6196DB47800DAACA3 /* PumpsMapViewController.m */ = {isa = PBXFileReference; fileEncoding = 4; lastKnownFileType = sourcecode.c.objc; path = PumpsMapViewController.m; sourceTree = "<group>"; };
		B95170F7196DB47800DAACA3 /* PumpsMapViewController.xib */ = {isa = PBXFileReference; fileEncoding = 4; lastKnownFileType = file.xib; path = PumpsMapViewController.xib; sourceTree = "<group>"; };
		B95170F8196DB47800DAACA3 /* Pump.h */ = {isa = PBXFileReference; fileEncoding = 4; lastKnownFileType = sourcecode.c.h; path = Pump.h; sourceTree = "<group>"; };
		B95170F9196DB47800DAACA3 /* Pump.m */ = {isa = PBXFileReference; fileEncoding = 4; lastKnownFileType = sourcecode.c.objc; path = Pump.m; sourceTree = "<group>"; };
		B95170FA196DB47800DAACA3 /* PumpLocation.h */ = {isa = PBXFileReference; fileEncoding = 4; lastKnownFileType = sourcecode.c.h; path = PumpLocation.h; sourceTree = "<group>"; };
		B95170FB196DB47800DAACA3 /* PumpLocation.m */ = {isa = PBXFileReference; fileEncoding = 4; lastKnownFileType = sourcecode.c.objc; path = PumpLocation.m; sourceTree = "<group>"; };
		B9C534661976FD9C008596A1 /* 177-building.png */ = {isa = PBXFileReference; lastKnownFileType = image.png; path = "177-building.png"; sourceTree = "<group>"; };
		B9C81FA719720F60002C19E5 /* PumpDetailViewController.h */ = {isa = PBXFileReference; fileEncoding = 4; lastKnownFileType = sourcecode.c.h; path = PumpDetailViewController.h; sourceTree = "<group>"; };
		B9C81FA819720F60002C19E5 /* PumpDetailViewController.m */ = {isa = PBXFileReference; fileEncoding = 4; lastKnownFileType = sourcecode.c.objc; path = PumpDetailViewController.m; sourceTree = "<group>"; };
		B9C81FA919720F60002C19E5 /* PumpDetailViewController.xib */ = {isa = PBXFileReference; fileEncoding = 4; lastKnownFileType = file.xib; path = PumpDetailViewController.xib; sourceTree = "<group>"; };
		B9C81FAC19720F85002C19E5 /* PumpMapViewController.h */ = {isa = PBXFileReference; fileEncoding = 4; lastKnownFileType = sourcecode.c.h; path = PumpMapViewController.h; sourceTree = "<group>"; };
		B9C81FAD19720F85002C19E5 /* PumpMapViewController.m */ = {isa = PBXFileReference; fileEncoding = 4; lastKnownFileType = sourcecode.c.objc; path = PumpMapViewController.m; sourceTree = "<group>"; };
		B9C81FAE19720F85002C19E5 /* PumpMapViewController.xib */ = {isa = PBXFileReference; fileEncoding = 4; lastKnownFileType = file.xib; path = PumpMapViewController.xib; sourceTree = "<group>"; };
		B9C81FB11972523A002C19E5 /* 07-map-marker.png */ = {isa = PBXFileReference; lastKnownFileType = image.png; path = "07-map-marker.png"; sourceTree = "<group>"; };
		FEDEA723197CE65C00C2FC50 /* Reveal.framework */ = {isa = PBXFileReference; lastKnownFileType = wrapper.framework; path = Reveal.framework; sourceTree = "<group>"; };
/* End PBXFileReference section */

/* Begin PBXFrameworksBuildPhase section */
		1337FAAD196DAEB300BC9B65 /* Frameworks */ = {
			isa = PBXFrameworksBuildPhase;
			buildActionMask = 2147483647;
			files = (
				1337FAB6196DAEB300BC9B65 /* CoreGraphics.framework in Frameworks */,
				1337FAB8196DAEB300BC9B65 /* UIKit.framework in Frameworks */,
				1337FAB4196DAEB300BC9B65 /* Foundation.framework in Frameworks */,
				20D59F76762B4D009110A722 /* libPods.a in Frameworks */,
			);
			runOnlyForDeploymentPostprocessing = 0;
		};
		1337FAC8196DAEB300BC9B65 /* Frameworks */ = {
			isa = PBXFrameworksBuildPhase;
			buildActionMask = 2147483647;
			files = (
				1337FACD196DAEB300BC9B65 /* XCTest.framework in Frameworks */,
				1337FACF196DAEB300BC9B65 /* UIKit.framework in Frameworks */,
				1337FACE196DAEB300BC9B65 /* Foundation.framework in Frameworks */,
			);
			runOnlyForDeploymentPostprocessing = 0;
		};
/* End PBXFrameworksBuildPhase section */

/* Begin PBXGroup section */
		1302777019732A6600BF6A19 /* Image */ = {
			isa = PBXGroup;
			children = (
				1302777119732A9C00BF6A19 /* NewYork.jpg */,
			);
			name = Image;
			sourceTree = "<group>";
		};
		132F5CC0196F663E0063A428 /* ReportViewControllers */ = {
			isa = PBXGroup;
			children = (
				13D28CF5196F303400E8A5C7 /* CreateReportViewController.h */,
				13D28CF6196F303400E8A5C7 /* CreateReportViewController.m */,
				13D28CF7196F303400E8A5C7 /* CreateReportViewController.xib */,
				13D28CF8196F303400E8A5C7 /* ReportViewController.h */,
				13D28CF9196F303400E8A5C7 /* ReportViewController.m */,
				13D28CFA196F303400E8A5C7 /* ReportViewController.xib */,
				132F5CC1196F66C90063A428 /* ListReportsViewController.h */,
				132F5CC2196F66C90063A428 /* ListReportsViewController.m */,
				132F5CC3196F66C90063A428 /* ListReportsViewController.xib */,
			);
			name = ReportViewControllers;
			sourceTree = "<group>";
		};
		1337FAA7196DAEB300BC9B65 = {
			isa = PBXGroup;
			children = (
				1337FAB9196DAEB300BC9B65 /* WellDoneiOS */,
				1337FAD2196DAEB300BC9B65 /* WellDoneiOSTests */,
				1337FAB2196DAEB300BC9B65 /* Frameworks */,
				1337FAB1196DAEB300BC9B65 /* Products */,
				37A92B7BE69E4D2EB78076B5 /* Pods.xcconfig */,
			);
			sourceTree = "<group>";
		};
		1337FAB1196DAEB300BC9B65 /* Products */ = {
			isa = PBXGroup;
			children = (
				1337FAB0196DAEB300BC9B65 /* WellDoneiOS.app */,
				1337FACB196DAEB300BC9B65 /* WellDoneiOSTests.xctest */,
			);
			name = Products;
			sourceTree = "<group>";
		};
		1337FAB2196DAEB300BC9B65 /* Frameworks */ = {
			isa = PBXGroup;
			children = (
				FEDEA723197CE65C00C2FC50 /* Reveal.framework */,
				13D28D06196F495D00E8A5C7 /* Parse.framework */,
				1337FAB3196DAEB300BC9B65 /* Foundation.framework */,
				1337FAB5196DAEB300BC9B65 /* CoreGraphics.framework */,
				1337FAB7196DAEB300BC9B65 /* UIKit.framework */,
				1337FACC196DAEB300BC9B65 /* XCTest.framework */,
				208851D49B43414A91E3329F /* libPods.a */,
			);
			name = Frameworks;
			sourceTree = "<group>";
		};
		1337FAB9196DAEB300BC9B65 /* WellDoneiOS */ = {
			isa = PBXGroup;
			children = (
				1302777019732A6600BF6A19 /* Image */,
				B9517109196FA13200DAACA3 /* Pumps View Controllers */,
				132F5CC0196F663E0063A428 /* ReportViewControllers */,
				13D28CFF196F336C00E8A5C7 /* Category */,
				1337FAE3196DAED400BC9B65 /* View */,
				1337FAE2196DAEC200BC9B65 /* Model */,
				1337FAC2196DAEB300BC9B65 /* AppDelegate.h */,
				1337FAC3196DAEB300BC9B65 /* AppDelegate.m */,
				1337FAC5196DAEB300BC9B65 /* Images.xcassets */,
				1337FABA196DAEB300BC9B65 /* Supporting Files */,
				B9C81FA719720F60002C19E5 /* PumpDetailViewController.h */,
				B9C81FA819720F60002C19E5 /* PumpDetailViewController.m */,
				B9C81FA919720F60002C19E5 /* PumpDetailViewController.xib */,
				B9C81FAC19720F85002C19E5 /* PumpMapViewController.h */,
				B9C81FAD19720F85002C19E5 /* PumpMapViewController.m */,
				B9C81FAE19720F85002C19E5 /* PumpMapViewController.xib */,
				B9C81FB11972523A002C19E5 /* 07-map-marker.png */,
				B9C534661976FD9C008596A1 /* 177-building.png */,
				135AB20D1975BAF9001EBED1 /* StatsViewController.h */,
				135AB20E1975BAF9001EBED1 /* StatsViewController.m */,
				A2DE7058197C53EB00102D24 /* LoginViewController.h */,
				A2DE7059197C53EB00102D24 /* LoginViewController.m */,
				A2DE705A197C53EB00102D24 /* LoginViewController.xib */,
				135AB20F1975BAF9001EBED1 /* StatsViewController.xib */,
				13C97128197852DB0099CE32 /* ReportHeaderView.h */,
				13C97129197852DB0099CE32 /* ReportHeaderView.m */,
				13C9712B197852FF0099CE32 /* ReportHeaderView.xib */,
				13C9712D197869350099CE32 /* ReportDelegate.h */,
				13C97131197AD45F0099CE32 /* UIView+Animations.h */,
				13C97132197AD45F0099CE32 /* UIView+Animations.m */,
				13C97134197AE28F0099CE32 /* TextMessageViewController.h */,
				13C97135197AE28F0099CE32 /* TextMessageViewController.m */,
				13C97136197AE28F0099CE32 /* TextMessageViewController.xib */,
				1322B6B4197C69C9005D2419 /* NextPumpMapViewController.h */,
				1322B6B5197C69C9005D2419 /* NextPumpMapViewController.m */,
				1322B6B6197C69C9005D2419 /* NextPumpMapViewController.xib */,
			);
			path = WellDoneiOS;
			sourceTree = "<group>";
		};
		1337FABA196DAEB300BC9B65 /* Supporting Files */ = {
			isa = PBXGroup;
			children = (
				1337FABB196DAEB300BC9B65 /* WellDoneiOS-Info.plist */,
				1337FABC196DAEB300BC9B65 /* InfoPlist.strings */,
				1337FABF196DAEB300BC9B65 /* main.m */,
				1337FAC1196DAEB300BC9B65 /* WellDoneiOS-Prefix.pch */,
			);
			name = "Supporting Files";
			sourceTree = "<group>";
		};
		1337FAD2196DAEB300BC9B65 /* WellDoneiOSTests */ = {
			isa = PBXGroup;
			children = (
				1337FAD8196DAEB300BC9B65 /* WellDoneiOSTests.m */,
				1337FAD3196DAEB300BC9B65 /* Supporting Files */,
			);
			path = WellDoneiOSTests;
			sourceTree = "<group>";
		};
		1337FAD3196DAEB300BC9B65 /* Supporting Files */ = {
			isa = PBXGroup;
			children = (
				1337FAD4196DAEB300BC9B65 /* WellDoneiOSTests-Info.plist */,
				1337FAD5196DAEB300BC9B65 /* InfoPlist.strings */,
			);
			name = "Supporting Files";
			sourceTree = "<group>";
		};
		1337FAE2196DAEC200BC9B65 /* Model */ = {
			isa = PBXGroup;
			children = (
				B95170F8196DB47800DAACA3 /* Pump.h */,
				B95170F9196DB47800DAACA3 /* Pump.m */,
				B95170FA196DB47800DAACA3 /* PumpLocation.h */,
				B95170FB196DB47800DAACA3 /* PumpLocation.m */,
				13D28D03196F480A00E8A5C7 /* Report.h */,
				13D28D04196F480A00E8A5C7 /* Report.m */,
				132F5CBD196F60830063A428 /* SensorData.h */,
				132F5CBE196F60830063A428 /* SensorData.m */,
			);
			name = Model;
			sourceTree = "<group>";
		};
		1337FAE3196DAED400BC9B65 /* View */ = {
			isa = PBXGroup;
			children = (
				133B1EC61973610700D43A30 /* cvCell.xib */,
				133B1EC71973610700D43A30 /* ImageCollectionViewCell.h */,
				133B1EC81973610700D43A30 /* ImageCollectionViewCell.m */,
			);
			name = View;
			sourceTree = "<group>";
		};
		13D28CFF196F336C00E8A5C7 /* Category */ = {
			isa = PBXGroup;
			children = (
				13D28D00196F339A00E8A5C7 /* UILabel+BorderedLabel.h */,
				13D28D01196F339A00E8A5C7 /* UILabel+BorderedLabel.m */,
			);
			name = Category;
			sourceTree = "<group>";
		};
		B9517109196FA13200DAACA3 /* Pumps View Controllers */ = {
			isa = PBXGroup;
			children = (
				B95170EC196DB46900DAACA3 /* PumpsListViewController.h */,
				B95170ED196DB46900DAACA3 /* PumpsListViewController.m */,
				B95170EE196DB46900DAACA3 /* PumpsListViewController.xib */,
				B95170F1196DB47800DAACA3 /* PumpTableViewCell.h */,
				B95170F2196DB47800DAACA3 /* PumpTableViewCell.m */,
				B95170F3196DB47800DAACA3 /* pump.jpeg */,
				B95170F4196DB47800DAACA3 /* PumpTableViewCell.xib */,
				B95170F5196DB47800DAACA3 /* PumpsMapViewController.h */,
				B95170F6196DB47800DAACA3 /* PumpsMapViewController.m */,
				B95170F7196DB47800DAACA3 /* PumpsMapViewController.xib */,
			);
			name = "Pumps View Controllers";
			sourceTree = "<group>";
		};
/* End PBXGroup section */

/* Begin PBXNativeTarget section */
		1337FAAF196DAEB300BC9B65 /* WellDoneiOS */ = {
			isa = PBXNativeTarget;
			buildConfigurationList = 1337FADC196DAEB300BC9B65 /* Build configuration list for PBXNativeTarget "WellDoneiOS" */;
			buildPhases = (
				DC56624A641948B9A9067934 /* Check Pods Manifest.lock */,
				1337FAAC196DAEB300BC9B65 /* Sources */,
				1337FAAD196DAEB300BC9B65 /* Frameworks */,
				1337FAAE196DAEB300BC9B65 /* Resources */,
				C3C198EE445C4A87AAE3347D /* Copy Pods Resources */,
			);
			buildRules = (
			);
			dependencies = (
			);
			name = WellDoneiOS;
			productName = WellDoneiOS;
			productReference = 1337FAB0196DAEB300BC9B65 /* WellDoneiOS.app */;
			productType = "com.apple.product-type.application";
		};
		1337FACA196DAEB300BC9B65 /* WellDoneiOSTests */ = {
			isa = PBXNativeTarget;
			buildConfigurationList = 1337FADF196DAEB300BC9B65 /* Build configuration list for PBXNativeTarget "WellDoneiOSTests" */;
			buildPhases = (
				1337FAC7196DAEB300BC9B65 /* Sources */,
				1337FAC8196DAEB300BC9B65 /* Frameworks */,
				1337FAC9196DAEB300BC9B65 /* Resources */,
			);
			buildRules = (
			);
			dependencies = (
				1337FAD1196DAEB300BC9B65 /* PBXTargetDependency */,
			);
			name = WellDoneiOSTests;
			productName = WellDoneiOSTests;
			productReference = 1337FACB196DAEB300BC9B65 /* WellDoneiOSTests.xctest */;
			productType = "com.apple.product-type.bundle.unit-test";
		};
/* End PBXNativeTarget section */

/* Begin PBXProject section */
		1337FAA8196DAEB300BC9B65 /* Project object */ = {
			isa = PBXProject;
			attributes = {
				LastUpgradeCheck = 0510;
				ORGANIZATIONNAME = welldone;
				TargetAttributes = {
					1337FAAF196DAEB300BC9B65 = {
						DevelopmentTeam = 6VDG77DH63;
					};
					1337FACA196DAEB300BC9B65 = {
						TestTargetID = 1337FAAF196DAEB300BC9B65;
					};
				};
			};
			buildConfigurationList = 1337FAAB196DAEB300BC9B65 /* Build configuration list for PBXProject "WellDoneiOS" */;
			compatibilityVersion = "Xcode 3.2";
			developmentRegion = English;
			hasScannedForEncodings = 0;
			knownRegions = (
				en,
			);
			mainGroup = 1337FAA7196DAEB300BC9B65;
			productRefGroup = 1337FAB1196DAEB300BC9B65 /* Products */;
			projectDirPath = "";
			projectRoot = "";
			targets = (
				1337FAAF196DAEB300BC9B65 /* WellDoneiOS */,
				1337FACA196DAEB300BC9B65 /* WellDoneiOSTests */,
			);
		};
/* End PBXProject section */

/* Begin PBXResourcesBuildPhase section */
		1337FAAE196DAEB300BC9B65 /* Resources */ = {
			isa = PBXResourcesBuildPhase;
			buildActionMask = 2147483647;
			files = (
				B9C81FB019720F85002C19E5 /* PumpMapViewController.xib in Resources */,
				B95170F0196DB46900DAACA3 /* PumpsListViewController.xib in Resources */,
				133B1EC91973610700D43A30 /* cvCell.xib in Resources */,
				A2DE705C197C53EC00102D24 /* LoginViewController.xib in Resources */,
				B9517100196DB47800DAACA3 /* PumpsMapViewController.xib in Resources */,
				1337FABE196DAEB300BC9B65 /* InfoPlist.strings in Resources */,
				13C97138197AE28F0099CE32 /* TextMessageViewController.xib in Resources */,
				B9C81FAB19720F60002C19E5 /* PumpDetailViewController.xib in Resources */,
				B9C81FB21972523A002C19E5 /* 07-map-marker.png in Resources */,
				135AB2111975BAF9001EBED1 /* StatsViewController.xib in Resources */,
				1337FAC6196DAEB300BC9B65 /* Images.xcassets in Resources */,
				1302777219732A9C00BF6A19 /* NewYork.jpg in Resources */,
				13D28CFE196F303400E8A5C7 /* ReportViewController.xib in Resources */,
				132F5CC5196F66C90063A428 /* ListReportsViewController.xib in Resources */,
				13D28CFC196F303400E8A5C7 /* CreateReportViewController.xib in Resources */,
				B9C534671976FD9C008596A1 /* 177-building.png in Resources */,
				1322B6B8197C69C9005D2419 /* NextPumpMapViewController.xib in Resources */,
				B95170FD196DB47800DAACA3 /* pump.jpeg in Resources */,
				B95170FE196DB47800DAACA3 /* PumpTableViewCell.xib in Resources */,
				13C9712C197852FF0099CE32 /* ReportHeaderView.xib in Resources */,
			);
			runOnlyForDeploymentPostprocessing = 0;
		};
		1337FAC9196DAEB300BC9B65 /* Resources */ = {
			isa = PBXResourcesBuildPhase;
			buildActionMask = 2147483647;
			files = (
				1337FAD7196DAEB300BC9B65 /* InfoPlist.strings in Resources */,
			);
			runOnlyForDeploymentPostprocessing = 0;
		};
/* End PBXResourcesBuildPhase section */

/* Begin PBXShellScriptBuildPhase section */
		C3C198EE445C4A87AAE3347D /* Copy Pods Resources */ = {
			isa = PBXShellScriptBuildPhase;
			buildActionMask = 2147483647;
			files = (
			);
			inputPaths = (
			);
			name = "Copy Pods Resources";
			outputPaths = (
			);
			runOnlyForDeploymentPostprocessing = 0;
			shellPath = /bin/sh;
			shellScript = "\"${SRCROOT}/Pods/Pods-resources.sh\"\n";
			showEnvVarsInLog = 0;
		};
		DC56624A641948B9A9067934 /* Check Pods Manifest.lock */ = {
			isa = PBXShellScriptBuildPhase;
			buildActionMask = 2147483647;
			files = (
			);
			inputPaths = (
			);
			name = "Check Pods Manifest.lock";
			outputPaths = (
			);
			runOnlyForDeploymentPostprocessing = 0;
			shellPath = /bin/sh;
			shellScript = "diff \"${PODS_ROOT}/../Podfile.lock\" \"${PODS_ROOT}/Manifest.lock\" > /dev/null\nif [[ $? != 0 ]] ; then\n    cat << EOM\nerror: The sandbox is not in sync with the Podfile.lock. Run 'pod install' or update your CocoaPods installation.\nEOM\n    exit 1\nfi\n";
			showEnvVarsInLog = 0;
		};
/* End PBXShellScriptBuildPhase section */

/* Begin PBXSourcesBuildPhase section */
		1337FAAC196DAEB300BC9B65 /* Sources */ = {
			isa = PBXSourcesBuildPhase;
			buildActionMask = 2147483647;
			files = (
				B9C81FAF19720F85002C19E5 /* PumpMapViewController.m in Sources */,
				1337FAC4196DAEB300BC9B65 /* AppDelegate.m in Sources */,
				B95170FF196DB47800DAACA3 /* PumpsMapViewController.m in Sources */,
				B95170EF196DB46900DAACA3 /* PumpsListViewController.m in Sources */,
				135AB2101975BAF9001EBED1 /* StatsViewController.m in Sources */,
				132F5CC4196F66C90063A428 /* ListReportsViewController.m in Sources */,
				13C97133197AD45F0099CE32 /* UIView+Animations.m in Sources */,
				1337FAC0196DAEB300BC9B65 /* main.m in Sources */,
				B9C81FAA19720F60002C19E5 /* PumpDetailViewController.m in Sources */,
				B9517102196DB47800DAACA3 /* PumpLocation.m in Sources */,
				13D28CFD196F303400E8A5C7 /* ReportViewController.m in Sources */,
				A2DE705B197C53EC00102D24 /* LoginViewController.m in Sources */,
				B95170FC196DB47800DAACA3 /* PumpTableViewCell.m in Sources */,
				13D28CFB196F303400E8A5C7 /* CreateReportViewController.m in Sources */,
				13D28D05196F480A00E8A5C7 /* Report.m in Sources */,
				13D28D02196F339A00E8A5C7 /* UILabel+BorderedLabel.m in Sources */,
				13C97137197AE28F0099CE32 /* TextMessageViewController.m in Sources */,
				B9517101196DB47800DAACA3 /* Pump.m in Sources */,
				133B1ECA1973610700D43A30 /* ImageCollectionViewCell.m in Sources */,
				1322B6B7197C69C9005D2419 /* NextPumpMapViewController.m in Sources */,
				132F5CBF196F60830063A428 /* SensorData.m in Sources */,
				13C9712A197852DB0099CE32 /* ReportHeaderView.m in Sources */,
			);
			runOnlyForDeploymentPostprocessing = 0;
		};
		1337FAC7196DAEB300BC9B65 /* Sources */ = {
			isa = PBXSourcesBuildPhase;
			buildActionMask = 2147483647;
			files = (
				1337FAD9196DAEB300BC9B65 /* WellDoneiOSTests.m in Sources */,
			);
			runOnlyForDeploymentPostprocessing = 0;
		};
/* End PBXSourcesBuildPhase section */

/* Begin PBXTargetDependency section */
		1337FAD1196DAEB300BC9B65 /* PBXTargetDependency */ = {
			isa = PBXTargetDependency;
			target = 1337FAAF196DAEB300BC9B65 /* WellDoneiOS */;
			targetProxy = 1337FAD0196DAEB300BC9B65 /* PBXContainerItemProxy */;
		};
/* End PBXTargetDependency section */

/* Begin PBXVariantGroup section */
		1337FABC196DAEB300BC9B65 /* InfoPlist.strings */ = {
			isa = PBXVariantGroup;
			children = (
				1337FABD196DAEB300BC9B65 /* en */,
			);
			name = InfoPlist.strings;
			sourceTree = "<group>";
		};
		1337FAD5196DAEB300BC9B65 /* InfoPlist.strings */ = {
			isa = PBXVariantGroup;
			children = (
				1337FAD6196DAEB300BC9B65 /* en */,
			);
			name = InfoPlist.strings;
			sourceTree = "<group>";
		};
/* End PBXVariantGroup section */

/* Begin XCBuildConfiguration section */
		1337FADA196DAEB300BC9B65 /* Debug */ = {
			isa = XCBuildConfiguration;
			buildSettings = {
				ALWAYS_SEARCH_USER_PATHS = NO;
				CLANG_CXX_LANGUAGE_STANDARD = "gnu++0x";
				CLANG_CXX_LIBRARY = "libc++";
				CLANG_ENABLE_MODULES = YES;
				CLANG_ENABLE_OBJC_ARC = YES;
				CLANG_WARN_BOOL_CONVERSION = YES;
				CLANG_WARN_CONSTANT_CONVERSION = YES;
				CLANG_WARN_DIRECT_OBJC_ISA_USAGE = YES_ERROR;
				CLANG_WARN_EMPTY_BODY = YES;
				CLANG_WARN_ENUM_CONVERSION = YES;
				CLANG_WARN_INT_CONVERSION = YES;
				CLANG_WARN_OBJC_ROOT_CLASS = YES_ERROR;
				CLANG_WARN__DUPLICATE_METHOD_MATCH = YES;
				"CODE_SIGN_IDENTITY[sdk=iphoneos*]" = "iPhone Developer";
				COPY_PHASE_STRIP = NO;
				GCC_C_LANGUAGE_STANDARD = gnu99;
				GCC_DYNAMIC_NO_PIC = NO;
				GCC_OPTIMIZATION_LEVEL = 0;
				GCC_PREPROCESSOR_DEFINITIONS = (
					"DEBUG=1",
					"$(inherited)",
				);
				GCC_SYMBOLS_PRIVATE_EXTERN = NO;
				GCC_WARN_64_TO_32_BIT_CONVERSION = YES;
				GCC_WARN_ABOUT_RETURN_TYPE = YES_ERROR;
				GCC_WARN_UNDECLARED_SELECTOR = YES;
				GCC_WARN_UNINITIALIZED_AUTOS = YES_AGGRESSIVE;
				GCC_WARN_UNUSED_FUNCTION = YES;
				GCC_WARN_UNUSED_VARIABLE = YES;
				IPHONEOS_DEPLOYMENT_TARGET = 7.1;
				ONLY_ACTIVE_ARCH = YES;
				SDKROOT = iphoneos;
			};
			name = Debug;
		};
		1337FADB196DAEB300BC9B65 /* Release */ = {
			isa = XCBuildConfiguration;
			buildSettings = {
				ALWAYS_SEARCH_USER_PATHS = NO;
				CLANG_CXX_LANGUAGE_STANDARD = "gnu++0x";
				CLANG_CXX_LIBRARY = "libc++";
				CLANG_ENABLE_MODULES = YES;
				CLANG_ENABLE_OBJC_ARC = YES;
				CLANG_WARN_BOOL_CONVERSION = YES;
				CLANG_WARN_CONSTANT_CONVERSION = YES;
				CLANG_WARN_DIRECT_OBJC_ISA_USAGE = YES_ERROR;
				CLANG_WARN_EMPTY_BODY = YES;
				CLANG_WARN_ENUM_CONVERSION = YES;
				CLANG_WARN_INT_CONVERSION = YES;
				CLANG_WARN_OBJC_ROOT_CLASS = YES_ERROR;
				CLANG_WARN__DUPLICATE_METHOD_MATCH = YES;
				"CODE_SIGN_IDENTITY[sdk=iphoneos*]" = "iPhone Developer";
				COPY_PHASE_STRIP = YES;
				ENABLE_NS_ASSERTIONS = NO;
				GCC_C_LANGUAGE_STANDARD = gnu99;
				GCC_WARN_64_TO_32_BIT_CONVERSION = YES;
				GCC_WARN_ABOUT_RETURN_TYPE = YES_ERROR;
				GCC_WARN_UNDECLARED_SELECTOR = YES;
				GCC_WARN_UNINITIALIZED_AUTOS = YES_AGGRESSIVE;
				GCC_WARN_UNUSED_FUNCTION = YES;
				GCC_WARN_UNUSED_VARIABLE = YES;
				IPHONEOS_DEPLOYMENT_TARGET = 7.1;
				SDKROOT = iphoneos;
				VALIDATE_PRODUCT = YES;
			};
			name = Release;
		};
		1337FADD196DAEB300BC9B65 /* Debug */ = {
			isa = XCBuildConfiguration;
			baseConfigurationReference = 37A92B7BE69E4D2EB78076B5 /* Pods.xcconfig */;
			buildSettings = {
				ASSETCATALOG_COMPILER_APPICON_NAME = AppIcon;
				ASSETCATALOG_COMPILER_LAUNCHIMAGE_NAME = LaunchImage;
				CODE_SIGN_IDENTITY = "iPhone Developer";
				"CODE_SIGN_IDENTITY[sdk=iphoneos*]" = "iPhone Developer";
				FRAMEWORK_SEARCH_PATHS = (
					"$(inherited)",
					"$(PROJECT_DIR)/Pods/Parse",
					"$(PROJECT_DIR)",
				);
				GCC_PRECOMPILE_PREFIX_HEADER = YES;
				GCC_PREFIX_HEADER = "WellDoneiOS/WellDoneiOS-Prefix.pch";
				INFOPLIST_FILE = "WellDoneiOS/WellDoneiOS-Info.plist";
				OTHER_LDFLAGS = (
					"-ObjC",
					"-framework",
					Accelerate,
					"-framework",
					AudioToolbox,
					"-framework",
					CFNetwork,
					"-framework",
					CoreGraphics,
					"-framework",
					CoreLocation,
					"-framework",
					Foundation,
					"-framework",
					MobileCoreServices,
					"-framework",
					Parse,
					"-framework",
					QuartzCore,
					"-framework",
					Security,
					"-framework",
					StoreKit,
					"-framework",
					SystemConfiguration,
					"-framework",
					UIKit,
					"-weak_framework",
					Accounts,
					"-weak_framework",
					Security,
					"-weak_framework",
					Social,
					"-ObjC",
					"-framework",
					Reveal,
					"-ObjC",
					"-framework",
					Reveal,
					"-ObjC",
					"-framework",
					Reveal,
				);
				PRODUCT_NAME = "$(TARGET_NAME)";
				PROVISIONING_PROFILE = "";
				WRAPPER_EXTENSION = app;
			};
			name = Debug;
		};
		1337FADE196DAEB300BC9B65 /* Release */ = {
			isa = XCBuildConfiguration;
			baseConfigurationReference = 37A92B7BE69E4D2EB78076B5 /* Pods.xcconfig */;
			buildSettings = {
				ASSETCATALOG_COMPILER_APPICON_NAME = AppIcon;
				ASSETCATALOG_COMPILER_LAUNCHIMAGE_NAME = LaunchImage;
				CODE_SIGN_IDENTITY = "iPhone Developer";
				"CODE_SIGN_IDENTITY[sdk=iphoneos*]" = "iPhone Developer";
				FRAMEWORK_SEARCH_PATHS = (
					"$(inherited)",
					"$(PROJECT_DIR)/Pods/Parse",
					"$(PROJECT_DIR)",
				);
				GCC_PRECOMPILE_PREFIX_HEADER = YES;
				GCC_PREFIX_HEADER = "WellDoneiOS/WellDoneiOS-Prefix.pch";
				INFOPLIST_FILE = "WellDoneiOS/WellDoneiOS-Info.plist";
				OTHER_LDFLAGS = (
					"-ObjC",
					"-framework",
					Accelerate,
					"-framework",
					AudioToolbox,
					"-framework",
					CFNetwork,
					"-framework",
					CoreGraphics,
					"-framework",
					CoreLocation,
					"-framework",
					Foundation,
					"-framework",
					MobileCoreServices,
					"-framework",
					Parse,
					"-framework",
					QuartzCore,
					"-framework",
					Security,
					"-framework",
					StoreKit,
					"-framework",
					SystemConfiguration,
					"-framework",
					UIKit,
					"-weak_framework",
					Accounts,
					"-weak_framework",
					Security,
					"-weak_framework",
					Social,
					"-ObjC",
					"-framework",
					Reveal,
					"-ObjC",
					"-framework",
					Reveal,
					"-ObjC",
					"-framework",
					Reveal,
				);
				PRODUCT_NAME = "$(TARGET_NAME)";
				PROVISIONING_PROFILE = "";
				WRAPPER_EXTENSION = app;
			};
			name = Release;
		};
		1337FAE0196DAEB300BC9B65 /* Debug */ = {
			isa = XCBuildConfiguration;
			buildSettings = {
				BUNDLE_LOADER = "$(BUILT_PRODUCTS_DIR)/WellDoneiOS.app/WellDoneiOS";
				FRAMEWORK_SEARCH_PATHS = (
					"$(SDKROOT)/Developer/Library/Frameworks",
					"$(inherited)",
					"$(DEVELOPER_FRAMEWORKS_DIR)",
				);
				GCC_PRECOMPILE_PREFIX_HEADER = YES;
				GCC_PREFIX_HEADER = "WellDoneiOS/WellDoneiOS-Prefix.pch";
				GCC_PREPROCESSOR_DEFINITIONS = (
					"DEBUG=1",
					"$(inherited)",
				);
				INFOPLIST_FILE = "WellDoneiOSTests/WellDoneiOSTests-Info.plist";
				PRODUCT_NAME = "$(TARGET_NAME)";
				TEST_HOST = "$(BUNDLE_LOADER)";
				WRAPPER_EXTENSION = xctest;
			};
			name = Debug;
		};
		1337FAE1196DAEB300BC9B65 /* Release */ = {
			isa = XCBuildConfiguration;
			buildSettings = {
				BUNDLE_LOADER = "$(BUILT_PRODUCTS_DIR)/WellDoneiOS.app/WellDoneiOS";
				FRAMEWORK_SEARCH_PATHS = (
					"$(SDKROOT)/Developer/Library/Frameworks",
					"$(inherited)",
					"$(DEVELOPER_FRAMEWORKS_DIR)",
				);
				GCC_PRECOMPILE_PREFIX_HEADER = YES;
				GCC_PREFIX_HEADER = "WellDoneiOS/WellDoneiOS-Prefix.pch";
				INFOPLIST_FILE = "WellDoneiOSTests/WellDoneiOSTests-Info.plist";
				PRODUCT_NAME = "$(TARGET_NAME)";
				TEST_HOST = "$(BUNDLE_LOADER)";
				WRAPPER_EXTENSION = xctest;
			};
			name = Release;
		};
/* End XCBuildConfiguration section */

/* Begin XCConfigurationList section */
		1337FAAB196DAEB300BC9B65 /* Build configuration list for PBXProject "WellDoneiOS" */ = {
			isa = XCConfigurationList;
			buildConfigurations = (
				1337FADA196DAEB300BC9B65 /* Debug */,
				1337FADB196DAEB300BC9B65 /* Release */,
			);
			defaultConfigurationIsVisible = 0;
			defaultConfigurationName = Release;
		};
		1337FADC196DAEB300BC9B65 /* Build configuration list for PBXNativeTarget "WellDoneiOS" */ = {
			isa = XCConfigurationList;
			buildConfigurations = (
				1337FADD196DAEB300BC9B65 /* Debug */,
				1337FADE196DAEB300BC9B65 /* Release */,
			);
			defaultConfigurationIsVisible = 0;
			defaultConfigurationName = Release;
		};
		1337FADF196DAEB300BC9B65 /* Build configuration list for PBXNativeTarget "WellDoneiOSTests" */ = {
			isa = XCConfigurationList;
			buildConfigurations = (
				1337FAE0196DAEB300BC9B65 /* Debug */,
				1337FAE1196DAEB300BC9B65 /* Release */,
			);
			defaultConfigurationIsVisible = 0;
			defaultConfigurationName = Release;
		};
/* End XCConfigurationList section */
	};
	rootObject = 1337FAA8196DAEB300BC9B65 /* Project object */;
}
